// !$*UTF8*$!
{
	archiveVersion = 1;
	classes = {
	};
	objectVersion = 56;
	objects = {

/* Begin PBXBuildFile section */
		3A4AAAD92A91CA680012A912 /* AppDelegate.swift in Sources */ = {isa = PBXBuildFile; fileRef = 3A4AAAD82A91CA680012A912 /* AppDelegate.swift */; };
		3A4AAADB2A91CA680012A912 /* SceneDelegate.swift in Sources */ = {isa = PBXBuildFile; fileRef = 3A4AAADA2A91CA680012A912 /* SceneDelegate.swift */; };
		3A4AAAE22A91CA690012A912 /* Assets.xcassets in Resources */ = {isa = PBXBuildFile; fileRef = 3A4AAAE12A91CA690012A912 /* Assets.xcassets */; };
		3A4AAAE52A91CA690012A912 /* LaunchScreen.storyboard in Resources */ = {isa = PBXBuildFile; fileRef = 3A4AAAE32A91CA690012A912 /* LaunchScreen.storyboard */; };
		3A4AAAF02A91CA6A0012A912 /* PardW4SampleTests.swift in Sources */ = {isa = PBXBuildFile; fileRef = 3A4AAAEF2A91CA6A0012A912 /* PardW4SampleTests.swift */; };
		3A4AAAFA2A91CA6A0012A912 /* PardW4SampleUITests.swift in Sources */ = {isa = PBXBuildFile; fileRef = 3A4AAAF92A91CA6A0012A912 /* PardW4SampleUITests.swift */; };
		3A4AAAFC2A91CA6A0012A912 /* PardW4SampleUITestsLaunchTests.swift in Sources */ = {isa = PBXBuildFile; fileRef = 3A4AAAFB2A91CA6A0012A912 /* PardW4SampleUITestsLaunchTests.swift */; };
		3A4AAB0C2A91CCF20012A912 /* MemoFormViewController.swift in Sources */ = {isa = PBXBuildFile; fileRef = 3A4AAB0B2A91CCF20012A912 /* MemoFormViewController.swift */; };
		3A4AAB0E2A91CD030012A912 /* MemoModel.swift in Sources */ = {isa = PBXBuildFile; fileRef = 3A4AAB0D2A91CD030012A912 /* MemoModel.swift */; };
		3A4AAB102A91D4A50012A912 /* StyledButton.swift in Sources */ = {isa = PBXBuildFile; fileRef = 3A4AAB0F2A91D4A50012A912 /* StyledButton.swift */; };
		3A4AAB142A91DB6B0012A912 /* MemoListViewController.swift in Sources */ = {isa = PBXBuildFile; fileRef = 3A4AAB132A91DB6B0012A912 /* MemoListViewController.swift */; };
		3A4AAB172A91DDE20012A912 /* TitleContentTableViewCell.swift in Sources */ = {isa = PBXBuildFile; fileRef = 3A4AAB152A91DDE20012A912 /* TitleContentTableViewCell.swift */; };
		3A4AAB1B2A91E59F0012A912 /* MemoFormViewControllerDelegate.swift in Sources */ = {isa = PBXBuildFile; fileRef = 3A4AAB1A2A91E59F0012A912 /* MemoFormViewControllerDelegate.swift */; };
/* End PBXBuildFile section */

/* Begin PBXContainerItemProxy section */
		3A4AAAEC2A91CA6A0012A912 /* PBXContainerItemProxy */ = {
			isa = PBXContainerItemProxy;
			containerPortal = 3A4AAACD2A91CA680012A912 /* Project object */;
			proxyType = 1;
			remoteGlobalIDString = 3A4AAAD42A91CA680012A912;
			remoteInfo = PardW4Sample;
		};
		3A4AAAF62A91CA6A0012A912 /* PBXContainerItemProxy */ = {
			isa = PBXContainerItemProxy;
			containerPortal = 3A4AAACD2A91CA680012A912 /* Project object */;
			proxyType = 1;
			remoteGlobalIDString = 3A4AAAD42A91CA680012A912;
			remoteInfo = PardW4Sample;
		};
/* End PBXContainerItemProxy section */

/* Begin PBXFileReference section */
		3A4AAAD52A91CA680012A912 /* PardW4Sample.app */ = {isa = PBXFileReference; explicitFileType = wrapper.application; includeInIndex = 0; path = PardW4Sample.app; sourceTree = BUILT_PRODUCTS_DIR; };
		3A4AAAD82A91CA680012A912 /* AppDelegate.swift */ = {isa = PBXFileReference; lastKnownFileType = sourcecode.swift; path = AppDelegate.swift; sourceTree = "<group>"; };
		3A4AAADA2A91CA680012A912 /* SceneDelegate.swift */ = {isa = PBXFileReference; lastKnownFileType = sourcecode.swift; path = SceneDelegate.swift; sourceTree = "<group>"; };
		3A4AAAE12A91CA690012A912 /* Assets.xcassets */ = {isa = PBXFileReference; lastKnownFileType = folder.assetcatalog; path = Assets.xcassets; sourceTree = "<group>"; };
		3A4AAAE42A91CA690012A912 /* Base */ = {isa = PBXFileReference; lastKnownFileType = file.storyboard; name = Base; path = Base.lproj/LaunchScreen.storyboard; sourceTree = "<group>"; };
		3A4AAAE62A91CA690012A912 /* Info.plist */ = {isa = PBXFileReference; lastKnownFileType = text.plist.xml; path = Info.plist; sourceTree = "<group>"; };
		3A4AAAEB2A91CA6A0012A912 /* PardW4SampleTests.xctest */ = {isa = PBXFileReference; explicitFileType = wrapper.cfbundle; includeInIndex = 0; path = PardW4SampleTests.xctest; sourceTree = BUILT_PRODUCTS_DIR; };
		3A4AAAEF2A91CA6A0012A912 /* PardW4SampleTests.swift */ = {isa = PBXFileReference; lastKnownFileType = sourcecode.swift; path = PardW4SampleTests.swift; sourceTree = "<group>"; };
		3A4AAAF52A91CA6A0012A912 /* PardW4SampleUITests.xctest */ = {isa = PBXFileReference; explicitFileType = wrapper.cfbundle; includeInIndex = 0; path = PardW4SampleUITests.xctest; sourceTree = BUILT_PRODUCTS_DIR; };
		3A4AAAF92A91CA6A0012A912 /* PardW4SampleUITests.swift */ = {isa = PBXFileReference; lastKnownFileType = sourcecode.swift; path = PardW4SampleUITests.swift; sourceTree = "<group>"; };
		3A4AAAFB2A91CA6A0012A912 /* PardW4SampleUITestsLaunchTests.swift */ = {isa = PBXFileReference; lastKnownFileType = sourcecode.swift; path = PardW4SampleUITestsLaunchTests.swift; sourceTree = "<group>"; };
		3A4AAB0B2A91CCF20012A912 /* MemoFormViewController.swift */ = {isa = PBXFileReference; lastKnownFileType = sourcecode.swift; path = MemoFormViewController.swift; sourceTree = "<group>"; };
		3A4AAB0D2A91CD030012A912 /* MemoModel.swift */ = {isa = PBXFileReference; lastKnownFileType = sourcecode.swift; path = MemoModel.swift; sourceTree = "<group>"; };
		3A4AAB0F2A91D4A50012A912 /* StyledButton.swift */ = {isa = PBXFileReference; lastKnownFileType = sourcecode.swift; path = StyledButton.swift; sourceTree = "<group>"; };
		3A4AAB132A91DB6B0012A912 /* MemoListViewController.swift */ = {isa = PBXFileReference; lastKnownFileType = sourcecode.swift; path = MemoListViewController.swift; sourceTree = "<group>"; };
		3A4AAB152A91DDE20012A912 /* TitleContentTableViewCell.swift */ = {isa = PBXFileReference; lastKnownFileType = sourcecode.swift; path = TitleContentTableViewCell.swift; sourceTree = "<group>"; };
		3A4AAB1A2A91E59F0012A912 /* MemoFormViewControllerDelegate.swift */ = {isa = PBXFileReference; lastKnownFileType = sourcecode.swift; path = MemoFormViewControllerDelegate.swift; sourceTree = "<group>"; };
/* End PBXFileReference section */

/* Begin PBXFrameworksBuildPhase section */
		3A4AAAD22A91CA680012A912 /* Frameworks */ = {
			isa = PBXFrameworksBuildPhase;
			buildActionMask = 2147483647;
			files = (
			);
			runOnlyForDeploymentPostprocessing = 0;
		};
		3A4AAAE82A91CA6A0012A912 /* Frameworks */ = {
			isa = PBXFrameworksBuildPhase;
			buildActionMask = 2147483647;
			files = (
			);
			runOnlyForDeploymentPostprocessing = 0;
		};
		3A4AAAF22A91CA6A0012A912 /* Frameworks */ = {
			isa = PBXFrameworksBuildPhase;
			buildActionMask = 2147483647;
			files = (
			);
			runOnlyForDeploymentPostprocessing = 0;
		};
/* End PBXFrameworksBuildPhase section */

/* Begin PBXGroup section */
		3A4AAACC2A91CA680012A912 = {
			isa = PBXGroup;
			children = (
				3A4AAAD72A91CA680012A912 /* PardW4Sample */,
				3A4AAAEE2A91CA6A0012A912 /* PardW4SampleTests */,
				3A4AAAF82A91CA6A0012A912 /* PardW4SampleUITests */,
				3A4AAAD62A91CA680012A912 /* Products */,
			);
			sourceTree = "<group>";
		};
		3A4AAAD62A91CA680012A912 /* Products */ = {
			isa = PBXGroup;
			children = (
				3A4AAAD52A91CA680012A912 /* PardW4Sample.app */,
				3A4AAAEB2A91CA6A0012A912 /* PardW4SampleTests.xctest */,
				3A4AAAF52A91CA6A0012A912 /* PardW4SampleUITests.xctest */,
			);
			name = Products;
			sourceTree = "<group>";
		};
		3A4AAAD72A91CA680012A912 /* PardW4Sample */ = {
			isa = PBXGroup;
			children = (
				3A4AAB082A91CC220012A912 /* Models */,
				3A4AAB092A91CC260012A912 /* Views */,
				3A4AAB0A2A91CC2A0012A912 /* Controllers */,
				3A4AAB192A91E5590012A912 /* Delegates */,
				3A4AAAD82A91CA680012A912 /* AppDelegate.swift */,
				3A4AAADA2A91CA680012A912 /* SceneDelegate.swift */,
				3A4AAAE12A91CA690012A912 /* Assets.xcassets */,
				3A4AAAE32A91CA690012A912 /* LaunchScreen.storyboard */,
				3A4AAAE62A91CA690012A912 /* Info.plist */,
			);
			path = PardW4Sample;
			sourceTree = "<group>";
		};
		3A4AAAEE2A91CA6A0012A912 /* PardW4SampleTests */ = {
			isa = PBXGroup;
			children = (
				3A4AAAEF2A91CA6A0012A912 /* PardW4SampleTests.swift */,
			);
			path = PardW4SampleTests;
			sourceTree = "<group>";
		};
		3A4AAAF82A91CA6A0012A912 /* PardW4SampleUITests */ = {
			isa = PBXGroup;
			children = (
				3A4AAAF92A91CA6A0012A912 /* PardW4SampleUITests.swift */,
				3A4AAAFB2A91CA6A0012A912 /* PardW4SampleUITestsLaunchTests.swift */,
			);
			path = PardW4SampleUITests;
			sourceTree = "<group>";
		};
		3A4AAB082A91CC220012A912 /* Models */ = {
			isa = PBXGroup;
			children = (
				3A4AAB0D2A91CD030012A912 /* MemoModel.swift */,
			);
			path = Models;
			sourceTree = "<group>";
		};
		3A4AAB092A91CC260012A912 /* Views */ = {
			isa = PBXGroup;
			children = (
				3A4AAB0F2A91D4A50012A912 /* StyledButton.swift */,
				3A4AAB152A91DDE20012A912 /* TitleContentTableViewCell.swift */,
			);
			path = Views;
			sourceTree = "<group>";
		};
		3A4AAB0A2A91CC2A0012A912 /* Controllers */ = {
			isa = PBXGroup;
			children = (
				3A4AAB0B2A91CCF20012A912 /* MemoFormViewController.swift */,
				3A4AAB132A91DB6B0012A912 /* MemoListViewController.swift */,
			);
			path = Controllers;
			sourceTree = "<group>";
		};
		3A4AAB192A91E5590012A912 /* Delegates */ = {
			isa = PBXGroup;
			children = (
				3A4AAB1A2A91E59F0012A912 /* MemoFormViewControllerDelegate.swift */,
			);
			path = Delegates;
			sourceTree = "<group>";
		};
/* End PBXGroup section */

/* Begin PBXNativeTarget section */
		3A4AAAD42A91CA680012A912 /* PardW4Sample */ = {
			isa = PBXNativeTarget;
			buildConfigurationList = 3A4AAAFF2A91CA6A0012A912 /* Build configuration list for PBXNativeTarget "PardW4Sample" */;
			buildPhases = (
				3A4AAAD12A91CA680012A912 /* Sources */,
				3A4AAAD22A91CA680012A912 /* Frameworks */,
				3A4AAAD32A91CA680012A912 /* Resources */,
			);
			buildRules = (
			);
			dependencies = (
			);
			name = PardW4Sample;
			productName = PardW4Sample;
			productReference = 3A4AAAD52A91CA680012A912 /* PardW4Sample.app */;
			productType = "com.apple.product-type.application";
		};
		3A4AAAEA2A91CA6A0012A912 /* PardW4SampleTests */ = {
			isa = PBXNativeTarget;
			buildConfigurationList = 3A4AAB022A91CA6A0012A912 /* Build configuration list for PBXNativeTarget "PardW4SampleTests" */;
			buildPhases = (
				3A4AAAE72A91CA6A0012A912 /* Sources */,
				3A4AAAE82A91CA6A0012A912 /* Frameworks */,
				3A4AAAE92A91CA6A0012A912 /* Resources */,
			);
			buildRules = (
			);
			dependencies = (
				3A4AAAED2A91CA6A0012A912 /* PBXTargetDependency */,
			);
			name = PardW4SampleTests;
			productName = PardW4SampleTests;
			productReference = 3A4AAAEB2A91CA6A0012A912 /* PardW4SampleTests.xctest */;
			productType = "com.apple.product-type.bundle.unit-test";
		};
		3A4AAAF42A91CA6A0012A912 /* PardW4SampleUITests */ = {
			isa = PBXNativeTarget;
			buildConfigurationList = 3A4AAB052A91CA6A0012A912 /* Build configuration list for PBXNativeTarget "PardW4SampleUITests" */;
			buildPhases = (
				3A4AAAF12A91CA6A0012A912 /* Sources */,
				3A4AAAF22A91CA6A0012A912 /* Frameworks */,
				3A4AAAF32A91CA6A0012A912 /* Resources */,
			);
			buildRules = (
			);
			dependencies = (
				3A4AAAF72A91CA6A0012A912 /* PBXTargetDependency */,
			);
			name = PardW4SampleUITests;
			productName = PardW4SampleUITests;
			productReference = 3A4AAAF52A91CA6A0012A912 /* PardW4SampleUITests.xctest */;
			productType = "com.apple.product-type.bundle.ui-testing";
		};
/* End PBXNativeTarget section */

/* Begin PBXProject section */
		3A4AAACD2A91CA680012A912 /* Project object */ = {
			isa = PBXProject;
			attributes = {
				BuildIndependentTargetsInParallel = 1;
				LastSwiftUpdateCheck = 1430;
				LastUpgradeCheck = 1430;
				TargetAttributes = {
					3A4AAAD42A91CA680012A912 = {
						CreatedOnToolsVersion = 14.3;
					};
					3A4AAAEA2A91CA6A0012A912 = {
						CreatedOnToolsVersion = 14.3;
						TestTargetID = 3A4AAAD42A91CA680012A912;
					};
					3A4AAAF42A91CA6A0012A912 = {
						CreatedOnToolsVersion = 14.3;
						TestTargetID = 3A4AAAD42A91CA680012A912;
					};
				};
			};
			buildConfigurationList = 3A4AAAD02A91CA680012A912 /* Build configuration list for PBXProject "PardW4Sample" */;
			compatibilityVersion = "Xcode 14.0";
			developmentRegion = en;
			hasScannedForEncodings = 0;
			knownRegions = (
				en,
				Base,
			);
			mainGroup = 3A4AAACC2A91CA680012A912;
			productRefGroup = 3A4AAAD62A91CA680012A912 /* Products */;
			projectDirPath = "";
			projectRoot = "";
			targets = (
				3A4AAAD42A91CA680012A912 /* PardW4Sample */,
				3A4AAAEA2A91CA6A0012A912 /* PardW4SampleTests */,
				3A4AAAF42A91CA6A0012A912 /* PardW4SampleUITests */,
			);
		};
/* End PBXProject section */

/* Begin PBXResourcesBuildPhase section */
		3A4AAAD32A91CA680012A912 /* Resources */ = {
			isa = PBXResourcesBuildPhase;
			buildActionMask = 2147483647;
			files = (
				3A4AAAE52A91CA690012A912 /* LaunchScreen.storyboard in Resources */,
				3A4AAAE22A91CA690012A912 /* Assets.xcassets in Resources */,
			);
			runOnlyForDeploymentPostprocessing = 0;
		};
		3A4AAAE92A91CA6A0012A912 /* Resources */ = {
			isa = PBXResourcesBuildPhase;
			buildActionMask = 2147483647;
			files = (
			);
			runOnlyForDeploymentPostprocessing = 0;
		};
		3A4AAAF32A91CA6A0012A912 /* Resources */ = {
			isa = PBXResourcesBuildPhase;
			buildActionMask = 2147483647;
			files = (
			);
			runOnlyForDeploymentPostprocessing = 0;
		};
/* End PBXResourcesBuildPhase section */

/* Begin PBXSourcesBuildPhase section */
		3A4AAAD12A91CA680012A912 /* Sources */ = {
			isa = PBXSourcesBuildPhase;
			buildActionMask = 2147483647;
			files = (
				3A4AAAD92A91CA680012A912 /* AppDelegate.swift in Sources */,
				3A4AAB102A91D4A50012A912 /* StyledButton.swift in Sources */,
				3A4AAB142A91DB6B0012A912 /* MemoListViewController.swift in Sources */,
				3A4AAB1B2A91E59F0012A912 /* MemoFormViewControllerDelegate.swift in Sources */,
				3A4AAB172A91DDE20012A912 /* TitleContentTableViewCell.swift in Sources */,
				3A4AAB0E2A91CD030012A912 /* MemoModel.swift in Sources */,
				3A4AAADB2A91CA680012A912 /* SceneDelegate.swift in Sources */,
				3A4AAB0C2A91CCF20012A912 /* MemoFormViewController.swift in Sources */,
			);
			runOnlyForDeploymentPostprocessing = 0;
		};
		3A4AAAE72A91CA6A0012A912 /* Sources */ = {
			isa = PBXSourcesBuildPhase;
			buildActionMask = 2147483647;
			files = (
				3A4AAAF02A91CA6A0012A912 /* PardW4SampleTests.swift in Sources */,
			);
			runOnlyForDeploymentPostprocessing = 0;
		};
		3A4AAAF12A91CA6A0012A912 /* Sources */ = {
			isa = PBXSourcesBuildPhase;
			buildActionMask = 2147483647;
			files = (
				3A4AAAFC2A91CA6A0012A912 /* PardW4SampleUITestsLaunchTests.swift in Sources */,
				3A4AAAFA2A91CA6A0012A912 /* PardW4SampleUITests.swift in Sources */,
			);
			runOnlyForDeploymentPostprocessing = 0;
		};
/* End PBXSourcesBuildPhase section */

/* Begin PBXTargetDependency section */
		3A4AAAED2A91CA6A0012A912 /* PBXTargetDependency */ = {
			isa = PBXTargetDependency;
			target = 3A4AAAD42A91CA680012A912 /* PardW4Sample */;
			targetProxy = 3A4AAAEC2A91CA6A0012A912 /* PBXContainerItemProxy */;
		};
		3A4AAAF72A91CA6A0012A912 /* PBXTargetDependency */ = {
			isa = PBXTargetDependency;
			target = 3A4AAAD42A91CA680012A912 /* PardW4Sample */;
			targetProxy = 3A4AAAF62A91CA6A0012A912 /* PBXContainerItemProxy */;
		};
/* End PBXTargetDependency section */

/* Begin PBXVariantGroup section */
		3A4AAAE32A91CA690012A912 /* LaunchScreen.storyboard */ = {
			isa = PBXVariantGroup;
			children = (
				3A4AAAE42A91CA690012A912 /* Base */,
			);
			name = LaunchScreen.storyboard;
			sourceTree = "<group>";
		};
/* End PBXVariantGroup section */

/* Begin XCBuildConfiguration section */
		3A4AAAFD2A91CA6A0012A912 /* Debug */ = {
			isa = XCBuildConfiguration;
			buildSettings = {
				ALWAYS_SEARCH_USER_PATHS = NO;
				CLANG_ANALYZER_NONNULL = YES;
				CLANG_ANALYZER_NUMBER_OBJECT_CONVERSION = YES_AGGRESSIVE;
				CLANG_CXX_LANGUAGE_STANDARD = "gnu++20";
				CLANG_ENABLE_MODULES = YES;
				CLANG_ENABLE_OBJC_ARC = YES;
				CLANG_ENABLE_OBJC_WEAK = YES;
				CLANG_WARN_BLOCK_CAPTURE_AUTORELEASING = YES;
				CLANG_WARN_BOOL_CONVERSION = YES;
				CLANG_WARN_COMMA = YES;
				CLANG_WARN_CONSTANT_CONVERSION = YES;
				CLANG_WARN_DEPRECATED_OBJC_IMPLEMENTATIONS = YES;
				CLANG_WARN_DIRECT_OBJC_ISA_USAGE = YES_ERROR;
				CLANG_WARN_DOCUMENTATION_COMMENTS = YES;
				CLANG_WARN_EMPTY_BODY = YES;
				CLANG_WARN_ENUM_CONVERSION = YES;
				CLANG_WARN_INFINITE_RECURSION = YES;
				CLANG_WARN_INT_CONVERSION = YES;
				CLANG_WARN_NON_LITERAL_NULL_CONVERSION = YES;
				CLANG_WARN_OBJC_IMPLICIT_RETAIN_SELF = YES;
				CLANG_WARN_OBJC_LITERAL_CONVERSION = YES;
				CLANG_WARN_OBJC_ROOT_CLASS = YES_ERROR;
				CLANG_WARN_QUOTED_INCLUDE_IN_FRAMEWORK_HEADER = YES;
				CLANG_WARN_RANGE_LOOP_ANALYSIS = YES;
				CLANG_WARN_STRICT_PROTOTYPES = YES;
				CLANG_WARN_SUSPICIOUS_MOVE = YES;
				CLANG_WARN_UNGUARDED_AVAILABILITY = YES_AGGRESSIVE;
				CLANG_WARN_UNREACHABLE_CODE = YES;
				CLANG_WARN__DUPLICATE_METHOD_MATCH = YES;
				COPY_PHASE_STRIP = NO;
				DEBUG_INFORMATION_FORMAT = dwarf;
				ENABLE_STRICT_OBJC_MSGSEND = YES;
				ENABLE_TESTABILITY = YES;
				GCC_C_LANGUAGE_STANDARD = gnu11;
				GCC_DYNAMIC_NO_PIC = NO;
				GCC_NO_COMMON_BLOCKS = YES;
				GCC_OPTIMIZATION_LEVEL = 0;
				GCC_PREPROCESSOR_DEFINITIONS = (
					"DEBUG=1",
					"$(inherited)",
				);
				GCC_WARN_64_TO_32_BIT_CONVERSION = YES;
				GCC_WARN_ABOUT_RETURN_TYPE = YES_ERROR;
				GCC_WARN_UNDECLARED_SELECTOR = YES;
				GCC_WARN_UNINITIALIZED_AUTOS = YES_AGGRESSIVE;
				GCC_WARN_UNUSED_FUNCTION = YES;
				GCC_WARN_UNUSED_VARIABLE = YES;
				IPHONEOS_DEPLOYMENT_TARGET = 16.4;
				MTL_ENABLE_DEBUG_INFO = INCLUDE_SOURCE;
				MTL_FAST_MATH = YES;
				ONLY_ACTIVE_ARCH = YES;
				SDKROOT = iphoneos;
				SWIFT_ACTIVE_COMPILATION_CONDITIONS = DEBUG;
				SWIFT_OPTIMIZATION_LEVEL = "-Onone";
			};
			name = Debug;
		};
		3A4AAAFE2A91CA6A0012A912 /* Release */ = {
			isa = XCBuildConfiguration;
			buildSettings = {
				ALWAYS_SEARCH_USER_PATHS = NO;
				CLANG_ANALYZER_NONNULL = YES;
				CLANG_ANALYZER_NUMBER_OBJECT_CONVERSION = YES_AGGRESSIVE;
				CLANG_CXX_LANGUAGE_STANDARD = "gnu++20";
				CLANG_ENABLE_MODULES = YES;
				CLANG_ENABLE_OBJC_ARC = YES;
				CLANG_ENABLE_OBJC_WEAK = YES;
				CLANG_WARN_BLOCK_CAPTURE_AUTORELEASING = YES;
				CLANG_WARN_BOOL_CONVERSION = YES;
				CLANG_WARN_COMMA = YES;
				CLANG_WARN_CONSTANT_CONVERSION = YES;
				CLANG_WARN_DEPRECATED_OBJC_IMPLEMENTATIONS = YES;
				CLANG_WARN_DIRECT_OBJC_ISA_USAGE = YES_ERROR;
				CLANG_WARN_DOCUMENTATION_COMMENTS = YES;
				CLANG_WARN_EMPTY_BODY = YES;
				CLANG_WARN_ENUM_CONVERSION = YES;
				CLANG_WARN_INFINITE_RECURSION = YES;
				CLANG_WARN_INT_CONVERSION = YES;
				CLANG_WARN_NON_LITERAL_NULL_CONVERSION = YES;
				CLANG_WARN_OBJC_IMPLICIT_RETAIN_SELF = YES;
				CLANG_WARN_OBJC_LITERAL_CONVERSION = YES;
				CLANG_WARN_OBJC_ROOT_CLASS = YES_ERROR;
				CLANG_WARN_QUOTED_INCLUDE_IN_FRAMEWORK_HEADER = YES;
				CLANG_WARN_RANGE_LOOP_ANALYSIS = YES;
				CLANG_WARN_STRICT_PROTOTYPES = YES;
				CLANG_WARN_SUSPICIOUS_MOVE = YES;
				CLANG_WARN_UNGUARDED_AVAILABILITY = YES_AGGRESSIVE;
				CLANG_WARN_UNREACHABLE_CODE = YES;
				CLANG_WARN__DUPLICATE_METHOD_MATCH = YES;
				COPY_PHASE_STRIP = NO;
				DEBUG_INFORMATION_FORMAT = "dwarf-with-dsym";
				ENABLE_NS_ASSERTIONS = NO;
				ENABLE_STRICT_OBJC_MSGSEND = YES;
				GCC_C_LANGUAGE_STANDARD = gnu11;
				GCC_NO_COMMON_BLOCKS = YES;
				GCC_WARN_64_TO_32_BIT_CONVERSION = YES;
				GCC_WARN_ABOUT_RETURN_TYPE = YES_ERROR;
				GCC_WARN_UNDECLARED_SELECTOR = YES;
				GCC_WARN_UNINITIALIZED_AUTOS = YES_AGGRESSIVE;
				GCC_WARN_UNUSED_FUNCTION = YES;
				GCC_WARN_UNUSED_VARIABLE = YES;
				IPHONEOS_DEPLOYMENT_TARGET = 16.4;
				MTL_ENABLE_DEBUG_INFO = NO;
				MTL_FAST_MATH = YES;
				SDKROOT = iphoneos;
				SWIFT_COMPILATION_MODE = wholemodule;
				SWIFT_OPTIMIZATION_LEVEL = "-O";
				VALIDATE_PRODUCT = YES;
			};
			name = Release;
		};
		3A4AAB002A91CA6A0012A912 /* Debug */ = {
			isa = XCBuildConfiguration;
			buildSettings = {
				ASSETCATALOG_COMPILER_APPICON_NAME = AppIcon;
				ASSETCATALOG_COMPILER_GLOBAL_ACCENT_COLOR_NAME = AccentColor;
				CODE_SIGN_STYLE = Automatic;
				CURRENT_PROJECT_VERSION = 1;
				DEVELOPMENT_TEAM = 3BWEDXDT2H;
				GENERATE_INFOPLIST_FILE = YES;
				INFOPLIST_FILE = PardW4Sample/Info.plist;
				INFOPLIST_KEY_UIApplicationSupportsIndirectInputEvents = YES;
				INFOPLIST_KEY_UILaunchStoryboardName = LaunchScreen;
				INFOPLIST_KEY_UISupportedInterfaceOrientations_iPad = "UIInterfaceOrientationPortrait UIInterfaceOrientationPortraitUpsideDown UIInterfaceOrientationLandscapeLeft UIInterfaceOrientationLandscapeRight";
				INFOPLIST_KEY_UISupportedInterfaceOrientations_iPhone = "UIInterfaceOrientationPortrait UIInterfaceOrientationLandscapeLeft UIInterfaceOrientationLandscapeRight";
				LD_RUNPATH_SEARCH_PATHS = (
					"$(inherited)",
					"@executable_path/Frameworks",
				);
				MARKETING_VERSION = 1.0;
				PRODUCT_BUNDLE_IDENTIFIER = byo.PardW4Sample;
				PRODUCT_NAME = "$(TARGET_NAME)";
				SWIFT_EMIT_LOC_STRINGS = YES;
				SWIFT_VERSION = 5.0;
				TARGETED_DEVICE_FAMILY = "1,2";
			};
			name = Debug;
		};
		3A4AAB012A91CA6A0012A912 /* Release */ = {
			isa = XCBuildConfiguration;
			buildSettings = {
				ASSETCATALOG_COMPILER_APPICON_NAME = AppIcon;
				ASSETCATALOG_COMPILER_GLOBAL_ACCENT_COLOR_NAME = AccentColor;
				CODE_SIGN_STYLE = Automatic;
				CURRENT_PROJECT_VERSION = 1;
				DEVELOPMENT_TEAM = 3BWEDXDT2H;
				GENERATE_INFOPLIST_FILE = YES;
				INFOPLIST_FILE = PardW4Sample/Info.plist;
				INFOPLIST_KEY_UIApplicationSupportsIndirectInputEvents = YES;
				INFOPLIST_KEY_UILaunchStoryboardName = LaunchScreen;
				INFOPLIST_KEY_UISupportedInterfaceOrientations_iPad = "UIInterfaceOrientationPortrait UIInterfaceOrientationPortraitUpsideDown UIInterfaceOrientationLandscapeLeft UIInterfaceOrientationLandscapeRight";
				INFOPLIST_KEY_UISupportedInterfaceOrientations_iPhone = "UIInterfaceOrientationPortrait UIInterfaceOrientationLandscapeLeft UIInterfaceOrientationLandscapeRight";
				LD_RUNPATH_SEARCH_PATHS = (
					"$(inherited)",
					"@executable_path/Frameworks",
				);
				MARKETING_VERSION = 1.0;
				PRODUCT_BUNDLE_IDENTIFIER = byo.PardW4Sample;
				PRODUCT_NAME = "$(TARGET_NAME)";
				SWIFT_EMIT_LOC_STRINGS = YES;
				SWIFT_VERSION = 5.0;
				TARGETED_DEVICE_FAMILY = "1,2";
			};
			name = Release;
		};
		3A4AAB032A91CA6A0012A912 /* Debug */ = {
			isa = XCBuildConfiguration;
			buildSettings = {
				ALWAYS_EMBED_SWIFT_STANDARD_LIBRARIES = YES;
				BUNDLE_LOADER = "$(TEST_HOST)";
				CODE_SIGN_STYLE = Automatic;
				CURRENT_PROJECT_VERSION = 1;
				DEVELOPMENT_TEAM = 3BWEDXDT2H;
				GENERATE_INFOPLIST_FILE = YES;
				IPHONEOS_DEPLOYMENT_TARGET = 16.4;
				MARKETING_VERSION = 1.0;
				PRODUCT_BUNDLE_IDENTIFIER = byo.PardW4SampleTests;
				PRODUCT_NAME = "$(TARGET_NAME)";
				SWIFT_EMIT_LOC_STRINGS = NO;
				SWIFT_VERSION = 5.0;
				TARGETED_DEVICE_FAMILY = "1,2";
				TEST_HOST = "$(BUILT_PRODUCTS_DIR)/PardW4Sample.app/$(BUNDLE_EXECUTABLE_FOLDER_PATH)/PardW4Sample";
			};
			name = Debug;
		};
		3A4AAB042A91CA6A0012A912 /* Release */ = {
			isa = XCBuildConfiguration;
			buildSettings = {
				ALWAYS_EMBED_SWIFT_STANDARD_LIBRARIES = YES;
				BUNDLE_LOADER = "$(TEST_HOST)";
				CODE_SIGN_STYLE = Automatic;
				CURRENT_PROJECT_VERSION = 1;
				DEVELOPMENT_TEAM = 3BWEDXDT2H;
				GENERATE_INFOPLIST_FILE = YES;
				IPHONEOS_DEPLOYMENT_TARGET = 16.4;
				MARKETING_VERSION = 1.0;
				PRODUCT_BUNDLE_IDENTIFIER = byo.PardW4SampleTests;
				PRODUCT_NAME = "$(TARGET_NAME)";
				SWIFT_EMIT_LOC_STRINGS = NO;
				SWIFT_VERSION = 5.0;
				TARGETED_DEVICE_FAMILY = "1,2";
				TEST_HOST = "$(BUILT_PRODUCTS_DIR)/PardW4Sample.app/$(BUNDLE_EXECUTABLE_FOLDER_PATH)/PardW4Sample";
			};
			name = Release;
		};
		3A4AAB062A91CA6A0012A912 /* Debug */ = {
			isa = XCBuildConfiguration;
			buildSettings = {
				ALWAYS_EMBED_SWIFT_STANDARD_LIBRARIES = YES;
				CODE_SIGN_STYLE = Automatic;
				CURRENT_PROJECT_VERSION = 1;
				DEVELOPMENT_TEAM = 3BWEDXDT2H;
				GENERATE_INFOPLIST_FILE = YES;
				MARKETING_VERSION = 1.0;
				PRODUCT_BUNDLE_IDENTIFIER = byo.PardW4SampleUITests;
				PRODUCT_NAME = "$(TARGET_NAME)";
				SWIFT_EMIT_LOC_STRINGS = NO;
				SWIFT_VERSION = 5.0;
				TARGETED_DEVICE_FAMILY = "1,2";
				TEST_TARGET_NAME = PardW4Sample;
			};
			name = Debug;
		};
		3A4AAB072A91CA6A0012A912 /* Release */ = {
			isa = XCBuildConfiguration;
			buildSettings = {
				ALWAYS_EMBED_SWIFT_STANDARD_LIBRARIES = YES;
				CODE_SIGN_STYLE = Automatic;
				CURRENT_PROJECT_VERSION = 1;
				DEVELOPMENT_TEAM = 3BWEDXDT2H;
				GENERATE_INFOPLIST_FILE = YES;
				MARKETING_VERSION = 1.0;
				PRODUCT_BUNDLE_IDENTIFIER = byo.PardW4SampleUITests;
				PRODUCT_NAME = "$(TARGET_NAME)";
				SWIFT_EMIT_LOC_STRINGS = NO;
				SWIFT_VERSION = 5.0;
				TARGETED_DEVICE_FAMILY = "1,2";
				TEST_TARGET_NAME = PardW4Sample;
			};
			name = Release;
		};
/* End XCBuildConfiguration section */

/* Begin XCConfigurationList section */
		3A4AAAD02A91CA680012A912 /* Build configuration list for PBXProject "PardW4Sample" */ = {
			isa = XCConfigurationList;
			buildConfigurations = (
				3A4AAAFD2A91CA6A0012A912 /* Debug */,
				3A4AAAFE2A91CA6A0012A912 /* Release */,
			);
			defaultConfigurationIsVisible = 0;
			defaultConfigurationName = Release;
		};
		3A4AAAFF2A91CA6A0012A912 /* Build configuration list for PBXNativeTarget "PardW4Sample" */ = {
			isa = XCConfigurationList;
			buildConfigurations = (
				3A4AAB002A91CA6A0012A912 /* Debug */,
				3A4AAB012A91CA6A0012A912 /* Release */,
			);
			defaultConfigurationIsVisible = 0;
			defaultConfigurationName = Release;
		};
		3A4AAB022A91CA6A0012A912 /* Build configuration list for PBXNativeTarget "PardW4SampleTests" */ = {
			isa = XCConfigurationList;
			buildConfigurations = (
				3A4AAB032A91CA6A0012A912 /* Debug */,
				3A4AAB042A91CA6A0012A912 /* Release */,
			);
			defaultConfigurationIsVisible = 0;
			defaultConfigurationName = Release;
		};
		3A4AAB052A91CA6A0012A912 /* Build configuration list for PBXNativeTarget "PardW4SampleUITests" */ = {
			isa = XCConfigurationList;
			buildConfigurations = (
				3A4AAB062A91CA6A0012A912 /* Debug */,
				3A4AAB072A91CA6A0012A912 /* Release */,
			);
			defaultConfigurationIsVisible = 0;
			defaultConfigurationName = Release;
		};
/* End XCConfigurationList section */
	};
	rootObject = 3A4AAACD2A91CA680012A912 /* Project object */;
}
